// !$*UTF8*$!
{
	archiveVersion = 1;
	classes = {
	};
	objectVersion = 77;
	objects = {

/* Begin PBXContainerItemProxy section */
		DC4FF2FE2C9A3DAF002F586A /* PBXContainerItemProxy */ = {
			isa = PBXContainerItemProxy;
			containerPortal = DC4FF2E52C9A3D71002F586A /* Project object */;
			proxyType = 1;
			remoteGlobalIDString = DC4FF2EC2C9A3D71002F586A;
			remoteInfo = "Cabo-Counter";
		};
		DC4FF3082C9A3DAF002F586A /* PBXContainerItemProxy */ = {
			isa = PBXContainerItemProxy;
			containerPortal = DC4FF2E52C9A3D71002F586A /* Project object */;
			proxyType = 1;
			remoteGlobalIDString = DC4FF2EC2C9A3D71002F586A;
			remoteInfo = "Cabo-Counter";
		};
/* End PBXContainerItemProxy section */

/* Begin PBXFileReference section */
		DC4FF2ED2C9A3D71002F586A /* Cabo-Counter.app */ = {isa = PBXFileReference; explicitFileType = wrapper.application; includeInIndex = 0; path = "Cabo-Counter.app"; sourceTree = BUILT_PRODUCTS_DIR; };
		DC4FF2FD2C9A3DAF002F586A /* Cabo-CounterTests.xctest */ = {isa = PBXFileReference; explicitFileType = wrapper.cfbundle; includeInIndex = 0; path = "Cabo-CounterTests.xctest"; sourceTree = BUILT_PRODUCTS_DIR; };
		DC4FF3072C9A3DAF002F586A /* Cabo-CounterUITests.xctest */ = {isa = PBXFileReference; explicitFileType = wrapper.cfbundle; includeInIndex = 0; path = "Cabo-CounterUITests.xctest"; sourceTree = BUILT_PRODUCTS_DIR; };
/* End PBXFileReference section */

/* Begin PBXFileSystemSynchronizedRootGroup section */
		DC4FF2EF2C9A3D71002F586A /* Cabo-Counter */ = {
			isa = PBXFileSystemSynchronizedRootGroup;
			path = "Cabo-Counter";
			sourceTree = "<group>";
		};
		DC4FF3002C9A3DAF002F586A /* Cabo-CounterTests */ = {
			isa = PBXFileSystemSynchronizedRootGroup;
			path = "Cabo-CounterTests";
			sourceTree = "<group>";
		};
		DC4FF30A2C9A3DAF002F586A /* Cabo-CounterUITests */ = {
			isa = PBXFileSystemSynchronizedRootGroup;
			path = "Cabo-CounterUITests";
			sourceTree = "<group>";
		};
/* End PBXFileSystemSynchronizedRootGroup section */

/* Begin PBXFrameworksBuildPhase section */
		DC4FF2EA2C9A3D71002F586A /* Frameworks */ = {
			isa = PBXFrameworksBuildPhase;
			buildActionMask = 2147483647;
			files = (
			);
			runOnlyForDeploymentPostprocessing = 0;
		};
		DC4FF2FA2C9A3DAF002F586A /* Frameworks */ = {
			isa = PBXFrameworksBuildPhase;
			buildActionMask = 2147483647;
			files = (
			);
			runOnlyForDeploymentPostprocessing = 0;
		};
		DC4FF3042C9A3DAF002F586A /* Frameworks */ = {
			isa = PBXFrameworksBuildPhase;
			buildActionMask = 2147483647;
			files = (
			);
			runOnlyForDeploymentPostprocessing = 0;
		};
/* End PBXFrameworksBuildPhase section */

/* Begin PBXGroup section */
		DC4FF2E42C9A3D71002F586A = {
			isa = PBXGroup;
			children = (
				DC4FF2EF2C9A3D71002F586A /* Cabo-Counter */,
				DC4FF3002C9A3DAF002F586A /* Cabo-CounterTests */,
				DC4FF30A2C9A3DAF002F586A /* Cabo-CounterUITests */,
				DC4FF2EE2C9A3D71002F586A /* Products */,
			);
			sourceTree = "<group>";
		};
		DC4FF2EE2C9A3D71002F586A /* Products */ = {
			isa = PBXGroup;
			children = (
				DC4FF2ED2C9A3D71002F586A /* Cabo-Counter.app */,
				DC4FF2FD2C9A3DAF002F586A /* Cabo-CounterTests.xctest */,
				DC4FF3072C9A3DAF002F586A /* Cabo-CounterUITests.xctest */,
			);
			name = Products;
			sourceTree = "<group>";
		};
/* End PBXGroup section */

/* Begin PBXNativeTarget section */
		DC4FF2EC2C9A3D71002F586A /* Cabo-Counter */ = {
			isa = PBXNativeTarget;
			buildConfigurationList = DC4FF3112C9A3DAF002F586A /* Build configuration list for PBXNativeTarget "Cabo-Counter" */;
			buildPhases = (
				DC4FF2E92C9A3D71002F586A /* Sources */,
				DC4FF2EA2C9A3D71002F586A /* Frameworks */,
				DC4FF2EB2C9A3D71002F586A /* Resources */,
			);
			buildRules = (
			);
			dependencies = (
			);
			fileSystemSynchronizedGroups = (
				DC4FF2EF2C9A3D71002F586A /* Cabo-Counter */,
			);
			name = "Cabo-Counter";
			packageProductDependencies = (
			);
			productName = "Cabo-Counter";
			productReference = DC4FF2ED2C9A3D71002F586A /* Cabo-Counter.app */;
			productType = "com.apple.product-type.application";
		};
		DC4FF2FC2C9A3DAF002F586A /* Cabo-CounterTests */ = {
			isa = PBXNativeTarget;
			buildConfigurationList = DC4FF3142C9A3DAF002F586A /* Build configuration list for PBXNativeTarget "Cabo-CounterTests" */;
			buildPhases = (
				DC4FF2F92C9A3DAF002F586A /* Sources */,
				DC4FF2FA2C9A3DAF002F586A /* Frameworks */,
				DC4FF2FB2C9A3DAF002F586A /* Resources */,
			);
			buildRules = (
			);
			dependencies = (
				DC4FF2FF2C9A3DAF002F586A /* PBXTargetDependency */,
			);
			fileSystemSynchronizedGroups = (
				DC4FF3002C9A3DAF002F586A /* Cabo-CounterTests */,
			);
			name = "Cabo-CounterTests";
			packageProductDependencies = (
			);
			productName = "Cabo-CounterTests";
			productReference = DC4FF2FD2C9A3DAF002F586A /* Cabo-CounterTests.xctest */;
			productType = "com.apple.product-type.bundle.unit-test";
		};
		DC4FF3062C9A3DAF002F586A /* Cabo-CounterUITests */ = {
			isa = PBXNativeTarget;
			buildConfigurationList = DC4FF3172C9A3DAF002F586A /* Build configuration list for PBXNativeTarget "Cabo-CounterUITests" */;
			buildPhases = (
				DC4FF3032C9A3DAF002F586A /* Sources */,
				DC4FF3042C9A3DAF002F586A /* Frameworks */,
				DC4FF3052C9A3DAF002F586A /* Resources */,
			);
			buildRules = (
			);
			dependencies = (
				DC4FF3092C9A3DAF002F586A /* PBXTargetDependency */,
			);
			fileSystemSynchronizedGroups = (
				DC4FF30A2C9A3DAF002F586A /* Cabo-CounterUITests */,
			);
			name = "Cabo-CounterUITests";
			packageProductDependencies = (
			);
			productName = "Cabo-CounterUITests";
			productReference = DC4FF3072C9A3DAF002F586A /* Cabo-CounterUITests.xctest */;
			productType = "com.apple.product-type.bundle.ui-testing";
		};
/* End PBXNativeTarget section */

/* Begin PBXProject section */
		DC4FF2E52C9A3D71002F586A /* Project object */ = {
			isa = PBXProject;
			attributes = {
				BuildIndependentTargetsInParallel = 1;
				LastSwiftUpdateCheck = 1600;
				LastUpgradeCheck = 1600;
				TargetAttributes = {
					DC4FF2EC2C9A3D71002F586A = {
						CreatedOnToolsVersion = 16.0;
					};
					DC4FF2FC2C9A3DAF002F586A = {
						CreatedOnToolsVersion = 16.0;
						TestTargetID = DC4FF2EC2C9A3D71002F586A;
					};
					DC4FF3062C9A3DAF002F586A = {
						CreatedOnToolsVersion = 16.0;
						TestTargetID = DC4FF2EC2C9A3D71002F586A;
					};
				};
			};
			buildConfigurationList = DC4FF2E82C9A3D71002F586A /* Build configuration list for PBXProject "Cabo-Counter" */;
			developmentRegion = en;
			hasScannedForEncodings = 0;
			knownRegions = (
				en,
				Base,
			);
			mainGroup = DC4FF2E42C9A3D71002F586A;
			minimizedProjectReferenceProxies = 1;
			preferredProjectObjectVersion = 77;
			productRefGroup = DC4FF2EE2C9A3D71002F586A /* Products */;
			projectDirPath = "";
			projectRoot = "";
			targets = (
				DC4FF2EC2C9A3D71002F586A /* Cabo-Counter */,
				DC4FF2FC2C9A3DAF002F586A /* Cabo-CounterTests */,
				DC4FF3062C9A3DAF002F586A /* Cabo-CounterUITests */,
			);
		};
/* End PBXProject section */

/* Begin PBXResourcesBuildPhase section */
		DC4FF2EB2C9A3D71002F586A /* Resources */ = {
			isa = PBXResourcesBuildPhase;
			buildActionMask = 2147483647;
			files = (
			);
			runOnlyForDeploymentPostprocessing = 0;
		};
		DC4FF2FB2C9A3DAF002F586A /* Resources */ = {
			isa = PBXResourcesBuildPhase;
			buildActionMask = 2147483647;
			files = (
			);
			runOnlyForDeploymentPostprocessing = 0;
		};
		DC4FF3052C9A3DAF002F586A /* Resources */ = {
			isa = PBXResourcesBuildPhase;
			buildActionMask = 2147483647;
			files = (
			);
			runOnlyForDeploymentPostprocessing = 0;
		};
/* End PBXResourcesBuildPhase section */

/* Begin PBXSourcesBuildPhase section */
		DC4FF2E92C9A3D71002F586A /* Sources */ = {
			isa = PBXSourcesBuildPhase;
			buildActionMask = 2147483647;
			files = (
			);
			runOnlyForDeploymentPostprocessing = 0;
		};
		DC4FF2F92C9A3DAF002F586A /* Sources */ = {
			isa = PBXSourcesBuildPhase;
			buildActionMask = 2147483647;
			files = (
			);
			runOnlyForDeploymentPostprocessing = 0;
		};
		DC4FF3032C9A3DAF002F586A /* Sources */ = {
			isa = PBXSourcesBuildPhase;
			buildActionMask = 2147483647;
			files = (
			);
			runOnlyForDeploymentPostprocessing = 0;
		};
/* End PBXSourcesBuildPhase section */

/* Begin PBXTargetDependency section */
		DC4FF2FF2C9A3DAF002F586A /* PBXTargetDependency */ = {
			isa = PBXTargetDependency;
			target = DC4FF2EC2C9A3D71002F586A /* Cabo-Counter */;
			targetProxy = DC4FF2FE2C9A3DAF002F586A /* PBXContainerItemProxy */;
		};
		DC4FF3092C9A3DAF002F586A /* PBXTargetDependency */ = {
			isa = PBXTargetDependency;
			target = DC4FF2EC2C9A3D71002F586A /* Cabo-Counter */;
			targetProxy = DC4FF3082C9A3DAF002F586A /* PBXContainerItemProxy */;
		};
/* End PBXTargetDependency section */

/* Begin XCBuildConfiguration section */
		DC4FF30F2C9A3DAF002F586A /* Debug */ = {
			isa = XCBuildConfiguration;
			buildSettings = {
				ALWAYS_SEARCH_USER_PATHS = NO;
				ASSETCATALOG_COMPILER_GENERATE_SWIFT_ASSET_SYMBOL_EXTENSIONS = YES;
				CLANG_ANALYZER_NONNULL = YES;
				CLANG_ANALYZER_NUMBER_OBJECT_CONVERSION = YES_AGGRESSIVE;
				CLANG_CXX_LANGUAGE_STANDARD = "gnu++20";
				CLANG_ENABLE_MODULES = YES;
				CLANG_ENABLE_OBJC_ARC = YES;
				CLANG_ENABLE_OBJC_WEAK = YES;
				CLANG_WARN_BLOCK_CAPTURE_AUTORELEASING = YES;
				CLANG_WARN_BOOL_CONVERSION = YES;
				CLANG_WARN_COMMA = YES;
				CLANG_WARN_CONSTANT_CONVERSION = YES;
				CLANG_WARN_DEPRECATED_OBJC_IMPLEMENTATIONS = YES;
				CLANG_WARN_DIRECT_OBJC_ISA_USAGE = YES_ERROR;
				CLANG_WARN_DOCUMENTATION_COMMENTS = YES;
				CLANG_WARN_EMPTY_BODY = YES;
				CLANG_WARN_ENUM_CONVERSION = YES;
				CLANG_WARN_INFINITE_RECURSION = YES;
				CLANG_WARN_INT_CONVERSION = YES;
				CLANG_WARN_NON_LITERAL_NULL_CONVERSION = YES;
				CLANG_WARN_OBJC_IMPLICIT_RETAIN_SELF = YES;
				CLANG_WARN_OBJC_LITERAL_CONVERSION = YES;
				CLANG_WARN_OBJC_ROOT_CLASS = YES_ERROR;
				CLANG_WARN_QUOTED_INCLUDE_IN_FRAMEWORK_HEADER = YES;
				CLANG_WARN_RANGE_LOOP_ANALYSIS = YES;
				CLANG_WARN_STRICT_PROTOTYPES = YES;
				CLANG_WARN_SUSPICIOUS_MOVE = YES;
				CLANG_WARN_UNGUARDED_AVAILABILITY = YES_AGGRESSIVE;
				CLANG_WARN_UNREACHABLE_CODE = YES;
				CLANG_WARN__DUPLICATE_METHOD_MATCH = YES;
				COPY_PHASE_STRIP = NO;
				DEBUG_INFORMATION_FORMAT = dwarf;
				ENABLE_STRICT_OBJC_MSGSEND = YES;
				ENABLE_TESTABILITY = YES;
				ENABLE_USER_SCRIPT_SANDBOXING = YES;
				GCC_C_LANGUAGE_STANDARD = gnu17;
				GCC_DYNAMIC_NO_PIC = NO;
				GCC_NO_COMMON_BLOCKS = YES;
				GCC_OPTIMIZATION_LEVEL = 0;
				GCC_PREPROCESSOR_DEFINITIONS = (
					"DEBUG=1",
					"$(inherited)",
				);
				GCC_WARN_64_TO_32_BIT_CONVERSION = YES;
				GCC_WARN_ABOUT_RETURN_TYPE = YES_ERROR;
				GCC_WARN_UNDECLARED_SELECTOR = YES;
				GCC_WARN_UNINITIALIZED_AUTOS = YES_AGGRESSIVE;
				GCC_WARN_UNUSED_FUNCTION = YES;
				GCC_WARN_UNUSED_VARIABLE = YES;
				IPHONEOS_DEPLOYMENT_TARGET = 17.6;
				LOCALIZATION_PREFERS_STRING_CATALOGS = YES;
				MTL_ENABLE_DEBUG_INFO = INCLUDE_SOURCE;
				MTL_FAST_MATH = YES;
				ONLY_ACTIVE_ARCH = YES;
				SDKROOT = iphoneos;
				SWIFT_ACTIVE_COMPILATION_CONDITIONS = "DEBUG $(inherited)";
				SWIFT_OPTIMIZATION_LEVEL = "-Onone";
			};
			name = Debug;
		};
		DC4FF3102C9A3DAF002F586A /* Release */ = {
			isa = XCBuildConfiguration;
			buildSettings = {
				ALWAYS_SEARCH_USER_PATHS = NO;
				ASSETCATALOG_COMPILER_GENERATE_SWIFT_ASSET_SYMBOL_EXTENSIONS = YES;
				CLANG_ANALYZER_NONNULL = YES;
				CLANG_ANALYZER_NUMBER_OBJECT_CONVERSION = YES_AGGRESSIVE;
				CLANG_CXX_LANGUAGE_STANDARD = "gnu++20";
				CLANG_ENABLE_MODULES = YES;
				CLANG_ENABLE_OBJC_ARC = YES;
				CLANG_ENABLE_OBJC_WEAK = YES;
				CLANG_WARN_BLOCK_CAPTURE_AUTORELEASING = YES;
				CLANG_WARN_BOOL_CONVERSION = YES;
				CLANG_WARN_COMMA = YES;
				CLANG_WARN_CONSTANT_CONVERSION = YES;
				CLANG_WARN_DEPRECATED_OBJC_IMPLEMENTATIONS = YES;
				CLANG_WARN_DIRECT_OBJC_ISA_USAGE = YES_ERROR;
				CLANG_WARN_DOCUMENTATION_COMMENTS = YES;
				CLANG_WARN_EMPTY_BODY = YES;
				CLANG_WARN_ENUM_CONVERSION = YES;
				CLANG_WARN_INFINITE_RECURSION = YES;
				CLANG_WARN_INT_CONVERSION = YES;
				CLANG_WARN_NON_LITERAL_NULL_CONVERSION = YES;
				CLANG_WARN_OBJC_IMPLICIT_RETAIN_SELF = YES;
				CLANG_WARN_OBJC_LITERAL_CONVERSION = YES;
				CLANG_WARN_OBJC_ROOT_CLASS = YES_ERROR;
				CLANG_WARN_QUOTED_INCLUDE_IN_FRAMEWORK_HEADER = YES;
				CLANG_WARN_RANGE_LOOP_ANALYSIS = YES;
				CLANG_WARN_STRICT_PROTOTYPES = YES;
				CLANG_WARN_SUSPICIOUS_MOVE = YES;
				CLANG_WARN_UNGUARDED_AVAILABILITY = YES_AGGRESSIVE;
				CLANG_WARN_UNREACHABLE_CODE = YES;
				CLANG_WARN__DUPLICATE_METHOD_MATCH = YES;
				COPY_PHASE_STRIP = NO;
				DEBUG_INFORMATION_FORMAT = "dwarf-with-dsym";
				ENABLE_NS_ASSERTIONS = NO;
				ENABLE_STRICT_OBJC_MSGSEND = YES;
				ENABLE_USER_SCRIPT_SANDBOXING = YES;
				GCC_C_LANGUAGE_STANDARD = gnu17;
				GCC_NO_COMMON_BLOCKS = YES;
				GCC_WARN_64_TO_32_BIT_CONVERSION = YES;
				GCC_WARN_ABOUT_RETURN_TYPE = YES_ERROR;
				GCC_WARN_UNDECLARED_SELECTOR = YES;
				GCC_WARN_UNINITIALIZED_AUTOS = YES_AGGRESSIVE;
				GCC_WARN_UNUSED_FUNCTION = YES;
				GCC_WARN_UNUSED_VARIABLE = YES;
				IPHONEOS_DEPLOYMENT_TARGET = 17.6;
				LOCALIZATION_PREFERS_STRING_CATALOGS = YES;
				MTL_ENABLE_DEBUG_INFO = NO;
				MTL_FAST_MATH = YES;
				SDKROOT = iphoneos;
				SWIFT_COMPILATION_MODE = wholemodule;
				VALIDATE_PRODUCT = YES;
			};
			name = Release;
		};
		DC4FF3122C9A3DAF002F586A /* Debug */ = {
			isa = XCBuildConfiguration;
			buildSettings = {
				ASSETCATALOG_COMPILER_APPICON_NAME = AppIcon;
				ASSETCATALOG_COMPILER_GLOBAL_ACCENT_COLOR_NAME = AccentColor;
				CODE_SIGN_STYLE = Automatic;
				CURRENT_PROJECT_VERSION = 1;
				DEVELOPMENT_ASSET_PATHS = "\"Cabo-Counter/Preview Content\"";
				DEVELOPMENT_TEAM = RJB4MM6RVS;
				ENABLE_PREVIEWS = YES;
				GENERATE_INFOPLIST_FILE = YES;
				INFOPLIST_KEY_UIApplicationSceneManifest_Generation = YES;
				INFOPLIST_KEY_UIApplicationSupportsIndirectInputEvents = YES;
				INFOPLIST_KEY_UILaunchScreen_Generation = YES;
				INFOPLIST_KEY_UISupportedInterfaceOrientations_iPad = "UIInterfaceOrientationPortrait UIInterfaceOrientationPortraitUpsideDown UIInterfaceOrientationLandscapeLeft UIInterfaceOrientationLandscapeRight";
				INFOPLIST_KEY_UISupportedInterfaceOrientations_iPhone = "UIInterfaceOrientationPortrait UIInterfaceOrientationLandscapeLeft UIInterfaceOrientationLandscapeRight";
				IPHONEOS_DEPLOYMENT_TARGET = 17.6;
				LD_RUNPATH_SEARCH_PATHS = (
					"$(inherited)",
					"@executable_path/Frameworks",
				);
				MARKETING_VERSION = 1.0;
				PRODUCT_BUNDLE_IDENTIFIER = "fk.Cabo-Counter";
				PRODUCT_NAME = "$(TARGET_NAME)";
				SUPPORTED_PLATFORMS = "iphoneos iphonesimulator";
				SUPPORTS_MACCATALYST = NO;
				SUPPORTS_MAC_DESIGNED_FOR_IPHONE_IPAD = NO;
				SUPPORTS_XR_DESIGNED_FOR_IPHONE_IPAD = NO;
				SWIFT_EMIT_LOC_STRINGS = YES;
				SWIFT_VERSION = 5.0;
				TARGETED_DEVICE_FAMILY = 1;
			};
			name = Debug;
		};
		DC4FF3132C9A3DAF002F586A /* Release */ = {
			isa = XCBuildConfiguration;
			buildSettings = {
				ASSETCATALOG_COMPILER_APPICON_NAME = AppIcon;
				ASSETCATALOG_COMPILER_GLOBAL_ACCENT_COLOR_NAME = AccentColor;
				CODE_SIGN_STYLE = Automatic;
				CURRENT_PROJECT_VERSION = 1;
				DEVELOPMENT_ASSET_PATHS = "\"Cabo-Counter/Preview Content\"";
				DEVELOPMENT_TEAM = RJB4MM6RVS;
				ENABLE_PREVIEWS = YES;
				GENERATE_INFOPLIST_FILE = YES;
				INFOPLIST_KEY_UIApplicationSceneManifest_Generation = YES;
				INFOPLIST_KEY_UIApplicationSupportsIndirectInputEvents = YES;
				INFOPLIST_KEY_UILaunchScreen_Generation = YES;
				INFOPLIST_KEY_UISupportedInterfaceOrientations_iPad = "UIInterfaceOrientationPortrait UIInterfaceOrientationPortraitUpsideDown UIInterfaceOrientationLandscapeLeft UIInterfaceOrientationLandscapeRight";
				INFOPLIST_KEY_UISupportedInterfaceOrientations_iPhone = "UIInterfaceOrientationPortrait UIInterfaceOrientationLandscapeLeft UIInterfaceOrientationLandscapeRight";
				IPHONEOS_DEPLOYMENT_TARGET = 17.6;
				LD_RUNPATH_SEARCH_PATHS = (
					"$(inherited)",
					"@executable_path/Frameworks",
				);
				MARKETING_VERSION = 1.0;
				PRODUCT_BUNDLE_IDENTIFIER = "fk.Cabo-Counter";
				PRODUCT_NAME = "$(TARGET_NAME)";
				SUPPORTED_PLATFORMS = "iphoneos iphonesimulator";
				SUPPORTS_MACCATALYST = NO;
				SUPPORTS_MAC_DESIGNED_FOR_IPHONE_IPAD = NO;
				SUPPORTS_XR_DESIGNED_FOR_IPHONE_IPAD = NO;
				SWIFT_EMIT_LOC_STRINGS = YES;
				SWIFT_VERSION = 5.0;
				TARGETED_DEVICE_FAMILY = 1;
			};
			name = Release;
		};
		DC4FF3152C9A3DAF002F586A /* Debug */ = {
			isa = XCBuildConfiguration;
			buildSettings = {
				BUNDLE_LOADER = "$(TEST_HOST)";
				CODE_SIGN_STYLE = Automatic;
				CURRENT_PROJECT_VERSION = 1;
				DEVELOPMENT_TEAM = RJB4MM6RVS;
				GENERATE_INFOPLIST_FILE = YES;
				IPHONEOS_DEPLOYMENT_TARGET = 17.6;
				MARKETING_VERSION = 1.0;
				PRODUCT_BUNDLE_IDENTIFIER = "fk.Cabo-CounterTests";
				PRODUCT_NAME = "$(TARGET_NAME)";
				SWIFT_EMIT_LOC_STRINGS = NO;
				SWIFT_VERSION = 5.0;
				TARGETED_DEVICE_FAMILY = "1,2";
				TEST_HOST = "$(BUILT_PRODUCTS_DIR)/Cabo-Counter.app/$(BUNDLE_EXECUTABLE_FOLDER_PATH)/Cabo-Counter";
			};
			name = Debug;
		};
		DC4FF3162C9A3DAF002F586A /* Release */ = {
			isa = XCBuildConfiguration;
			buildSettings = {
				BUNDLE_LOADER = "$(TEST_HOST)";
				CODE_SIGN_STYLE = Automatic;
				CURRENT_PROJECT_VERSION = 1;
				DEVELOPMENT_TEAM = RJB4MM6RVS;
				GENERATE_INFOPLIST_FILE = YES;
				IPHONEOS_DEPLOYMENT_TARGET = 17.6;
				MARKETING_VERSION = 1.0;
				PRODUCT_BUNDLE_IDENTIFIER = "fk.Cabo-CounterTests";
				PRODUCT_NAME = "$(TARGET_NAME)";
				SWIFT_EMIT_LOC_STRINGS = NO;
				SWIFT_VERSION = 5.0;
				TARGETED_DEVICE_FAMILY = "1,2";
				TEST_HOST = "$(BUILT_PRODUCTS_DIR)/Cabo-Counter.app/$(BUNDLE_EXECUTABLE_FOLDER_PATH)/Cabo-Counter";
			};
			name = Release;
		};
		DC4FF3182C9A3DAF002F586A /* Debug */ = {
			isa = XCBuildConfiguration;
			buildSettings = {
				CODE_SIGN_STYLE = Automatic;
				CURRENT_PROJECT_VERSION = 1;
				DEVELOPMENT_TEAM = RJB4MM6RVS;
				GENERATE_INFOPLIST_FILE = YES;
				MARKETING_VERSION = 1.0;
				PRODUCT_BUNDLE_IDENTIFIER = "fk.Cabo-CounterUITests";
				PRODUCT_NAME = "$(TARGET_NAME)";
				SWIFT_EMIT_LOC_STRINGS = NO;
				SWIFT_VERSION = 5.0;
				TARGETED_DEVICE_FAMILY = "1,2";
				TEST_TARGET_NAME = "Cabo-Counter";
			};
			name = Debug;
		};
		DC4FF3192C9A3DAF002F586A /* Release */ = {
			isa = XCBuildConfiguration;
			buildSettings = {
				CODE_SIGN_STYLE = Automatic;
				CURRENT_PROJECT_VERSION = 1;
				DEVELOPMENT_TEAM = RJB4MM6RVS;
				GENERATE_INFOPLIST_FILE = YES;
				MARKETING_VERSION = 1.0;
				PRODUCT_BUNDLE_IDENTIFIER = "fk.Cabo-CounterUITests";
				PRODUCT_NAME = "$(TARGET_NAME)";
				SWIFT_EMIT_LOC_STRINGS = NO;
				SWIFT_VERSION = 5.0;
				TARGETED_DEVICE_FAMILY = "1,2";
				TEST_TARGET_NAME = "Cabo-Counter";
			};
			name = Release;
		};
/* End XCBuildConfiguration section */

/* Begin XCConfigurationList section */
		DC4FF2E82C9A3D71002F586A /* Build configuration list for PBXProject "Cabo-Counter" */ = {
			isa = XCConfigurationList;
			buildConfigurations = (
				DC4FF30F2C9A3DAF002F586A /* Debug */,
				DC4FF3102C9A3DAF002F586A /* Release */,
			);
			defaultConfigurationIsVisible = 0;
			defaultConfigurationName = Release;
		};
		DC4FF3112C9A3DAF002F586A /* Build configuration list for PBXNativeTarget "Cabo-Counter" */ = {
			isa = XCConfigurationList;
			buildConfigurations = (
				DC4FF3122C9A3DAF002F586A /* Debug */,
				DC4FF3132C9A3DAF002F586A /* Release */,
			);
			defaultConfigurationIsVisible = 0;
			defaultConfigurationName = Release;
		};
		DC4FF3142C9A3DAF002F586A /* Build configuration list for PBXNativeTarget "Cabo-CounterTests" */ = {
			isa = XCConfigurationList;
			buildConfigurations = (
				DC4FF3152C9A3DAF002F586A /* Debug */,
				DC4FF3162C9A3DAF002F586A /* Release */,
			);
			defaultConfigurationIsVisible = 0;
			defaultConfigurationName = Release;
		};
		DC4FF3172C9A3DAF002F586A /* Build configuration list for PBXNativeTarget "Cabo-CounterUITests" */ = {
			isa = XCConfigurationList;
			buildConfigurations = (
				DC4FF3182C9A3DAF002F586A /* Debug */,
				DC4FF3192C9A3DAF002F586A /* Release */,
			);
			defaultConfigurationIsVisible = 0;
			defaultConfigurationName = Release;
		};
/* End XCConfigurationList section */
	};
	rootObject = DC4FF2E52C9A3D71002F586A /* Project object */;
}
